
Microsoft Visual Studio Solution File, Format Version 12.00
# Visual Studio Version 17
VisualStudioVersion = 17.11.35327.3
MinimumVisualStudioVersion = 10.0.40219.1
Project("{FAE04EC0-301F-11D3-BF4B-00C04F79EFBC}") = "firstMVC_Website", "firstMVC_Website\firstMVC_Website.csproj", "{2456EB55-66D4-4119-AC8E-B64D821E4574}"
EndProject
Global
	GlobalSection(SolutionConfigurationPlatforms) = preSolution
		Debug|Any CPU = Debug|Any CPU
		Release|Any CPU = Release|Any CPU
	EndGlobalSection
	GlobalSection(ProjectConfigurationPlatforms) = postSolution
		{2456EB55-66D4-4119-AC8E-B64D821E4574}.Debug|Any CPU.ActiveCfg = Debug|Any CPU
		{2456EB55-66D4-4119-AC8E-B64D821E4574}.Debug|Any CPU.Build.0 = Debug|Any CPU
		{2456EB55-66D4-4119-AC8E-B64D821E4574}.Release|Any CPU.ActiveCfg = Release|Any CPU
		{2456EB55-66D4-4119-AC8E-B64D821E4574}.Release|Any CPU.Build.0 = Release|Any CPU
	EndGlobalSection
	GlobalSection(SolutionProperties) = preSolution
		HideSolutionNode = FALSE
	EndGlobalSection
	GlobalSection(ExtensibilityGlobals) = postSolution
		SolutionGuid = {D8CFB444-7875-4E95-8297-A5D531FADC7E}
	EndGlobalSection
EndGlobal
